
Microsoft Visual Studio Solution File, Format Version 12.00
Project("{FAE04EC0-301F-11D3-BF4B-00C04F79EFBC}") = "SaveScreenshotToDifferentDirectory", "SaveScreenshotToDifferentDirectory\SaveScreenshotToDifferentDirectory.csproj", "{CAF552D0-3C5B-4C2E-B919-170BE516DD4A}"
EndProject
Global
	GlobalSection(SolutionConfigurationPlatforms) = preSolution
		Debug|Any CPU = Debug|Any CPU
		Release|Any CPU = Release|Any CPU
	EndGlobalSection
	GlobalSection(ProjectConfigurationPlatforms) = postSolution
		{CAF552D0-3C5B-4C2E-B919-170BE516DD4A}.Debug|Any CPU.ActiveCfg = Debug|Any CPU
		{CAF552D0-3C5B-4C2E-B919-170BE516DD4A}.Debug|Any CPU.Build.0 = Debug|Any CPU
		{CAF552D0-3C5B-4C2E-B919-170BE516DD4A}.Release|Any CPU.ActiveCfg = Release|Any CPU
		{CAF552D0-3C5B-4C2E-B919-170BE516DD4A}.Release|Any CPU.Build.0 = Release|Any CPU
	EndGlobalSection
EndGlobal
